
Microsoft Visual Studio Solution File, Format Version 12.00
# Visual Studio Version 17
VisualStudioVersion = 17.3.32929.385
MinimumVisualStudioVersion = 10.0.40219.1
Project("{FAE04EC0-301F-11D3-BF4B-00C04F79EFBC}") = "trit", "trit\trit.csproj", "{C62A9300-B4E0-4891-BDBF-7E027E980740}"
EndProject
Global
	GlobalSection(SolutionConfigurationPlatforms) = preSolution
		Debug|Any CPU = Debug|Any CPU
		Release|Any CPU = Release|Any CPU
	EndGlobalSection
	GlobalSection(ProjectConfigurationPlatforms) = postSolution
		{C62A9300-B4E0-4891-BDBF-7E027E980740}.Debug|Any CPU.ActiveCfg = Debug|Any CPU
		{C62A9300-B4E0-4891-BDBF-7E027E980740}.Debug|Any CPU.Build.0 = Debug|Any CPU
		{C62A9300-B4E0-4891-BDBF-7E027E980740}.Release|Any CPU.ActiveCfg = Release|Any CPU
		{C62A9300-B4E0-4891-BDBF-7E027E980740}.Release|Any CPU.Build.0 = Release|Any CPU
	EndGlobalSection
	GlobalSection(SolutionProperties) = preSolution
		HideSolutionNode = FALSE
	EndGlobalSection
	GlobalSection(ExtensibilityGlobals) = postSolution
		SolutionGuid = {6ECFE6F3-DDDA-4FC4-B680-FBB3268A6609}
	EndGlobalSection
EndGlobal
